
Microsoft Visual Studio Solution File, Format Version 12.00
# Visual Studio Version 17
VisualStudioVersion = 17.14.35806.103 d17.14
MinimumVisualStudioVersion = 10.0.40219.1
Project("{FAE04EC0-301F-11D3-BF4B-00C04F79EFBC}") = "KitchenAid", "KitchenAid.csproj", "{581E75D8-8F07-4129-A61D-15409D42A8A1}"
EndProject
Global
	GlobalSection(SolutionConfigurationPlatforms) = preSolution
		Debug|Any CPU = Debug|Any CPU
		Release|Any CPU = Release|Any CPU
	EndGlobalSection
	GlobalSection(ProjectConfigurationPlatforms) = postSolution
		{581E75D8-8F07-4129-A61D-15409D42A8A1}.Debug|Any CPU.ActiveCfg = Debug|Any CPU
		{581E75D8-8F07-4129-A61D-15409D42A8A1}.Debug|Any CPU.Build.0 = Debug|Any CPU
		{581E75D8-8F07-4129-A61D-15409D42A8A1}.Release|Any CPU.ActiveCfg = Release|Any CPU
		{581E75D8-8F07-4129-A61D-15409D42A8A1}.Release|Any CPU.Build.0 = Release|Any CPU
	EndGlobalSection
	GlobalSection(SolutionProperties) = preSolution
		HideSolutionNode = FALSE
	EndGlobalSection
	GlobalSection(ExtensibilityGlobals) = postSolution
		SolutionGuid = {B4E645E2-A722-4DF7-91D5-3A9001B61795}
	EndGlobalSection
EndGlobal
